// !$*UTF8*$!
{
	archiveVersion = 1;
	classes = {
	};
	objectVersion = 51;
	objects = {

/* Begin PBXBuildFile section */
		A4BE2437A5E6A9ABD9DBE57A /* Pods_GitHubApp.framework in Frameworks */ = {isa = PBXBuildFile; fileRef = 412B6D79C9C2619227AC57F9 /* Pods_GitHubApp.framework */; };
		DE38FDD46557F5211CC0BADF /* Pods_GitHubAppTests.framework in Frameworks */ = {isa = PBXBuildFile; fileRef = DD2DC49940791C5639B52C67 /* Pods_GitHubAppTests.framework */; };
		E2639B1D2309566E00EFC281 /* GitHubAppTests.swift in Sources */ = {isa = PBXBuildFile; fileRef = E2639B1C2309566E00EFC281 /* GitHubAppTests.swift */; };
		E2639B2523095E1300EFC281 /* TestAPIEndpoints.swift in Sources */ = {isa = PBXBuildFile; fileRef = E2639B2423095E1300EFC281 /* TestAPIEndpoints.swift */; };
		E29A54EA22889A3800160A7A /* AppDelegate.swift in Sources */ = {isa = PBXBuildFile; fileRef = E29A54E922889A3800160A7A /* AppDelegate.swift */; };
		E29A54F122889A3900160A7A /* Assets.xcassets in Resources */ = {isa = PBXBuildFile; fileRef = E29A54F022889A3900160A7A /* Assets.xcassets */; };
		E29A54F422889A3900160A7A /* LaunchScreen.storyboard in Resources */ = {isa = PBXBuildFile; fileRef = E29A54F222889A3900160A7A /* LaunchScreen.storyboard */; };
		E29A550222889CED00160A7A /* RepositoriesCollectionVC.swift in Sources */ = {isa = PBXBuildFile; fileRef = E29A550122889CED00160A7A /* RepositoriesCollectionVC.swift */; };
		E29A55042288AF5200160A7A /* Constants.swift in Sources */ = {isa = PBXBuildFile; fileRef = E29A55032288AF5200160A7A /* Constants.swift */; };
		E29A55072288B80B00160A7A /* GitHubApi.swift in Sources */ = {isa = PBXBuildFile; fileRef = E29A55062288B80B00160A7A /* GitHubApi.swift */; };
		E29A550B2288C2DA00160A7A /* GitHubRepository.swift in Sources */ = {isa = PBXBuildFile; fileRef = E29A550A2288C2DA00160A7A /* GitHubRepository.swift */; };
		E29A550D2288C6ED00160A7A /* Extensions.swift in Sources */ = {isa = PBXBuildFile; fileRef = E29A550C2288C6ED00160A7A /* Extensions.swift */; };
		E29A55102288D0BF00160A7A /* RepositoryCollectionViewCell.swift in Sources */ = {isa = PBXBuildFile; fileRef = E29A550F2288D0BF00160A7A /* RepositoryCollectionViewCell.swift */; };
		E29A55122288D9CB00160A7A /* TitleAndDescriptionView.swift in Sources */ = {isa = PBXBuildFile; fileRef = E29A55112288D9CB00160A7A /* TitleAndDescriptionView.swift */; };
/* End PBXBuildFile section */

/* Begin PBXContainerItemProxy section */
		E2639B1F2309566E00EFC281 /* PBXContainerItemProxy */ = {
			isa = PBXContainerItemProxy;
			containerPortal = E29A54DE22889A3800160A7A /* Project object */;
			proxyType = 1;
			remoteGlobalIDString = E29A54E522889A3800160A7A;
			remoteInfo = GitHubApp;
		};
/* End PBXContainerItemProxy section */

/* Begin PBXFileReference section */
		12C9AB97749B1625690B79E3 /* Pods-GitHubAppTests.debug.xcconfig */ = {isa = PBXFileReference; includeInIndex = 1; lastKnownFileType = text.xcconfig; name = "Pods-GitHubAppTests.debug.xcconfig"; path = "Target Support Files/Pods-GitHubAppTests/Pods-GitHubAppTests.debug.xcconfig"; sourceTree = "<group>"; };
		3C0BFBC441F8B7A48FA3836C /* Pods-GitHubApp.release.xcconfig */ = {isa = PBXFileReference; includeInIndex = 1; lastKnownFileType = text.xcconfig; name = "Pods-GitHubApp.release.xcconfig"; path = "Target Support Files/Pods-GitHubApp/Pods-GitHubApp.release.xcconfig"; sourceTree = "<group>"; };
		3DB8D961C8BB4A7BEF73BDD5 /* Pods-GitHubAppTests.release.xcconfig */ = {isa = PBXFileReference; includeInIndex = 1; lastKnownFileType = text.xcconfig; name = "Pods-GitHubAppTests.release.xcconfig"; path = "Target Support Files/Pods-GitHubAppTests/Pods-GitHubAppTests.release.xcconfig"; sourceTree = "<group>"; };
		412B6D79C9C2619227AC57F9 /* Pods_GitHubApp.framework */ = {isa = PBXFileReference; explicitFileType = wrapper.framework; includeInIndex = 0; path = Pods_GitHubApp.framework; sourceTree = BUILT_PRODUCTS_DIR; };
		65C7282E7214971E4A04BA9B /* Pods-JamTestApp.debug.xcconfig */ = {isa = PBXFileReference; includeInIndex = 1; lastKnownFileType = text.xcconfig; name = "Pods-JamTestApp.debug.xcconfig"; path = "Target Support Files/Pods-JamTestApp/Pods-JamTestApp.debug.xcconfig"; sourceTree = "<group>"; };
		A6510392BE3A869B4EA07C76 /* Pods-JamTestApp.release.xcconfig */ = {isa = PBXFileReference; includeInIndex = 1; lastKnownFileType = text.xcconfig; name = "Pods-JamTestApp.release.xcconfig"; path = "Target Support Files/Pods-JamTestApp/Pods-JamTestApp.release.xcconfig"; sourceTree = "<group>"; };
		C02F00453573CB82CF30398E /* Pods-GitHubApp.debug.xcconfig */ = {isa = PBXFileReference; includeInIndex = 1; lastKnownFileType = text.xcconfig; name = "Pods-GitHubApp.debug.xcconfig"; path = "Target Support Files/Pods-GitHubApp/Pods-GitHubApp.debug.xcconfig"; sourceTree = "<group>"; };
		DD2DC49940791C5639B52C67 /* Pods_GitHubAppTests.framework */ = {isa = PBXFileReference; explicitFileType = wrapper.framework; includeInIndex = 0; path = Pods_GitHubAppTests.framework; sourceTree = BUILT_PRODUCTS_DIR; };
		E2639B1A2309566E00EFC281 /* GitHubAppTests.xctest */ = {isa = PBXFileReference; explicitFileType = wrapper.cfbundle; includeInIndex = 0; path = GitHubAppTests.xctest; sourceTree = BUILT_PRODUCTS_DIR; };
		E2639B1C2309566E00EFC281 /* GitHubAppTests.swift */ = {isa = PBXFileReference; lastKnownFileType = sourcecode.swift; path = GitHubAppTests.swift; sourceTree = "<group>"; };
		E2639B1E2309566E00EFC281 /* Info.plist */ = {isa = PBXFileReference; lastKnownFileType = text.plist.xml; path = Info.plist; sourceTree = "<group>"; };
		E2639B2423095E1300EFC281 /* TestAPIEndpoints.swift */ = {isa = PBXFileReference; lastKnownFileType = sourcecode.swift; path = TestAPIEndpoints.swift; sourceTree = "<group>"; };
		E29A54E622889A3800160A7A /* GitHubApp.app */ = {isa = PBXFileReference; explicitFileType = wrapper.application; includeInIndex = 0; path = GitHubApp.app; sourceTree = BUILT_PRODUCTS_DIR; };
		E29A54E922889A3800160A7A /* AppDelegate.swift */ = {isa = PBXFileReference; lastKnownFileType = sourcecode.swift; path = AppDelegate.swift; sourceTree = "<group>"; };
		E29A54F022889A3900160A7A /* Assets.xcassets */ = {isa = PBXFileReference; lastKnownFileType = folder.assetcatalog; path = Assets.xcassets; sourceTree = "<group>"; };
		E29A54F322889A3900160A7A /* Base */ = {isa = PBXFileReference; lastKnownFileType = file.storyboard; name = Base; path = Base.lproj/LaunchScreen.storyboard; sourceTree = "<group>"; };
		E29A54F522889A3900160A7A /* Info.plist */ = {isa = PBXFileReference; lastKnownFileType = text.plist.xml; path = Info.plist; sourceTree = "<group>"; };
		E29A550122889CED00160A7A /* RepositoriesCollectionVC.swift */ = {isa = PBXFileReference; lastKnownFileType = sourcecode.swift; path = RepositoriesCollectionVC.swift; sourceTree = "<group>"; };
		E29A55032288AF5200160A7A /* Constants.swift */ = {isa = PBXFileReference; lastKnownFileType = sourcecode.swift; path = Constants.swift; sourceTree = "<group>"; };
		E29A55062288B80B00160A7A /* GitHubApi.swift */ = {isa = PBXFileReference; lastKnownFileType = sourcecode.swift; path = GitHubApi.swift; sourceTree = "<group>"; };
		E29A550A2288C2DA00160A7A /* GitHubRepository.swift */ = {isa = PBXFileReference; lastKnownFileType = sourcecode.swift; path = GitHubRepository.swift; sourceTree = "<group>"; };
		E29A550C2288C6ED00160A7A /* Extensions.swift */ = {isa = PBXFileReference; lastKnownFileType = sourcecode.swift; path = Extensions.swift; sourceTree = "<group>"; };
		E29A550F2288D0BF00160A7A /* RepositoryCollectionViewCell.swift */ = {isa = PBXFileReference; lastKnownFileType = sourcecode.swift; path = RepositoryCollectionViewCell.swift; sourceTree = "<group>"; };
		E29A55112288D9CB00160A7A /* TitleAndDescriptionView.swift */ = {isa = PBXFileReference; lastKnownFileType = sourcecode.swift; path = TitleAndDescriptionView.swift; sourceTree = "<group>"; };
/* End PBXFileReference section */

/* Begin PBXFrameworksBuildPhase section */
		E2639B172309566E00EFC281 /* Frameworks */ = {
			isa = PBXFrameworksBuildPhase;
			buildActionMask = 2147483647;
			files = (
				DE38FDD46557F5211CC0BADF /* Pods_GitHubAppTests.framework in Frameworks */,
			);
			runOnlyForDeploymentPostprocessing = 0;
		};
		E29A54E322889A3800160A7A /* Frameworks */ = {
			isa = PBXFrameworksBuildPhase;
			buildActionMask = 2147483647;
			files = (
				A4BE2437A5E6A9ABD9DBE57A /* Pods_GitHubApp.framework in Frameworks */,
			);
			runOnlyForDeploymentPostprocessing = 0;
		};
/* End PBXFrameworksBuildPhase section */

/* Begin PBXGroup section */
		050F6B7D5D1AD18607D159E8 /* Frameworks */ = {
			isa = PBXGroup;
			children = (
				412B6D79C9C2619227AC57F9 /* Pods_GitHubApp.framework */,
				DD2DC49940791C5639B52C67 /* Pods_GitHubAppTests.framework */,
			);
			name = Frameworks;
			sourceTree = "<group>";
		};
		064E2BFCE71333CD639720DB /* Pods */ = {
			isa = PBXGroup;
			children = (
				65C7282E7214971E4A04BA9B /* Pods-JamTestApp.debug.xcconfig */,
				A6510392BE3A869B4EA07C76 /* Pods-JamTestApp.release.xcconfig */,
				C02F00453573CB82CF30398E /* Pods-GitHubApp.debug.xcconfig */,
				3C0BFBC441F8B7A48FA3836C /* Pods-GitHubApp.release.xcconfig */,
				12C9AB97749B1625690B79E3 /* Pods-GitHubAppTests.debug.xcconfig */,
				3DB8D961C8BB4A7BEF73BDD5 /* Pods-GitHubAppTests.release.xcconfig */,
			);
			path = Pods;
			sourceTree = "<group>";
		};
		E2639B1B2309566E00EFC281 /* GitHubAppTests */ = {
			isa = PBXGroup;
			children = (
				E2639B1C2309566E00EFC281 /* GitHubAppTests.swift */,
				E2639B2423095E1300EFC281 /* TestAPIEndpoints.swift */,
				E2639B1E2309566E00EFC281 /* Info.plist */,
			);
			path = GitHubAppTests;
			sourceTree = "<group>";
		};
		E29A54DD22889A3800160A7A = {
			isa = PBXGroup;
			children = (
				E29A54E822889A3800160A7A /* GitHubApp */,
				E2639B1B2309566E00EFC281 /* GitHubAppTests */,
				E29A54E722889A3800160A7A /* Products */,
				064E2BFCE71333CD639720DB /* Pods */,
				050F6B7D5D1AD18607D159E8 /* Frameworks */,
			);
			sourceTree = "<group>";
		};
		E29A54E722889A3800160A7A /* Products */ = {
			isa = PBXGroup;
			children = (
				E29A54E622889A3800160A7A /* GitHubApp.app */,
				E2639B1A2309566E00EFC281 /* GitHubAppTests.xctest */,
			);
			name = Products;
			sourceTree = "<group>";
		};
		E29A54E822889A3800160A7A /* GitHubApp */ = {
			isa = PBXGroup;
			children = (
				E29A550E2288D06600160A7A /* Views */,
				E29A55092288BCA300160A7A /* Models */,
				E29A55052288B7F900160A7A /* GitHubApi */,
				E29A55082288BC7C00160A7A /* Resources */,
				E29A550022889B7900160A7A /* SupportingFiles */,
				E29A54FE22889B2800160A7A /* ViewControllers */,
			);
			path = GitHubApp;
			sourceTree = "<group>";
		};
		E29A54FE22889B2800160A7A /* ViewControllers */ = {
			isa = PBXGroup;
			children = (
				E29A54FF22889B5600160A7A /* RepositoriesCollectionViewController */,
			);
			path = ViewControllers;
			sourceTree = "<group>";
		};
		E29A54FF22889B5600160A7A /* RepositoriesCollectionViewController */ = {
			isa = PBXGroup;
			children = (
				E29A550122889CED00160A7A /* RepositoriesCollectionVC.swift */,
			);
			path = RepositoriesCollectionViewController;
			sourceTree = "<group>";
		};
		E29A550022889B7900160A7A /* SupportingFiles */ = {
			isa = PBXGroup;
			children = (
				E29A54F522889A3900160A7A /* Info.plist */,
				E29A54E922889A3800160A7A /* AppDelegate.swift */,
				E29A55032288AF5200160A7A /* Constants.swift */,
				E29A550C2288C6ED00160A7A /* Extensions.swift */,
			);
			path = SupportingFiles;
			sourceTree = "<group>";
		};
		E29A55052288B7F900160A7A /* GitHubApi */ = {
			isa = PBXGroup;
			children = (
				E29A55062288B80B00160A7A /* GitHubApi.swift */,
			);
			path = GitHubApi;
			sourceTree = "<group>";
		};
		E29A55082288BC7C00160A7A /* Resources */ = {
			isa = PBXGroup;
			children = (
				E29A54F022889A3900160A7A /* Assets.xcassets */,
				E29A54F222889A3900160A7A /* LaunchScreen.storyboard */,
			);
			path = Resources;
			sourceTree = "<group>";
		};
		E29A55092288BCA300160A7A /* Models */ = {
			isa = PBXGroup;
			children = (
				E29A550A2288C2DA00160A7A /* GitHubRepository.swift */,
			);
			path = Models;
			sourceTree = "<group>";
		};
		E29A550E2288D06600160A7A /* Views */ = {
			isa = PBXGroup;
			children = (
				E29A550F2288D0BF00160A7A /* RepositoryCollectionViewCell.swift */,
				E29A55112288D9CB00160A7A /* TitleAndDescriptionView.swift */,
			);
			path = Views;
			sourceTree = "<group>";
		};
/* End PBXGroup section */

/* Begin PBXNativeTarget section */
		E2639B192309566E00EFC281 /* GitHubAppTests */ = {
			isa = PBXNativeTarget;
			buildConfigurationList = E2639B232309566E00EFC281 /* Build configuration list for PBXNativeTarget "GitHubAppTests" */;
			buildPhases = (
				7611ED283BA016DB3A7B84E6 /* [CP] Check Pods Manifest.lock */,
				E2639B162309566E00EFC281 /* Sources */,
				E2639B172309566E00EFC281 /* Frameworks */,
				E2639B182309566E00EFC281 /* Resources */,
				0D3122C720E258B855469083 /* [CP] Embed Pods Frameworks */,
			);
			buildRules = (
			);
			dependencies = (
				E2639B202309566E00EFC281 /* PBXTargetDependency */,
			);
			name = GitHubAppTests;
			productName = GitHubAppTests;
			productReference = E2639B1A2309566E00EFC281 /* GitHubAppTests.xctest */;
			productType = "com.apple.product-type.bundle.unit-test";
		};
		E29A54E522889A3800160A7A /* GitHubApp */ = {
			isa = PBXNativeTarget;
			buildConfigurationList = E29A54F822889A3900160A7A /* Build configuration list for PBXNativeTarget "GitHubApp" */;
			buildPhases = (
				7458638DE003486A5A7E7699 /* [CP] Check Pods Manifest.lock */,
				E29A54E222889A3800160A7A /* Sources */,
				E29A54E322889A3800160A7A /* Frameworks */,
				E29A54E422889A3800160A7A /* Resources */,
				825028D4D53B515BBC9930CA /* [CP] Embed Pods Frameworks */,
			);
			buildRules = (
			);
			dependencies = (
			);
			name = GitHubApp;
			productName = JamTestApp;
			productReference = E29A54E622889A3800160A7A /* GitHubApp.app */;
			productType = "com.apple.product-type.application";
		};
/* End PBXNativeTarget section */

/* Begin PBXProject section */
		E29A54DE22889A3800160A7A /* Project object */ = {
			isa = PBXProject;
			attributes = {
				LastSwiftUpdateCheck = 1100;
				LastUpgradeCheck = 1020;
				ORGANIZATIONNAME = "Josip Rezic";
				TargetAttributes = {
					E2639B192309566E00EFC281 = {
						CreatedOnToolsVersion = 11.0;
						TestTargetID = E29A54E522889A3800160A7A;
					};
					E29A54E522889A3800160A7A = {
						CreatedOnToolsVersion = 10.2.1;
					};
				};
			};
			buildConfigurationList = E29A54E122889A3800160A7A /* Build configuration list for PBXProject "GitHubApp" */;
			compatibilityVersion = "Xcode 9.3";
			developmentRegion = en;
			hasScannedForEncodings = 0;
			knownRegions = (
				en,
				Base,
			);
			mainGroup = E29A54DD22889A3800160A7A;
			productRefGroup = E29A54E722889A3800160A7A /* Products */;
			projectDirPath = "";
			projectRoot = "";
			targets = (
				E29A54E522889A3800160A7A /* GitHubApp */,
				E2639B192309566E00EFC281 /* GitHubAppTests */,
			);
		};
/* End PBXProject section */

/* Begin PBXResourcesBuildPhase section */
		E2639B182309566E00EFC281 /* Resources */ = {
			isa = PBXResourcesBuildPhase;
			buildActionMask = 2147483647;
			files = (
			);
			runOnlyForDeploymentPostprocessing = 0;
		};
		E29A54E422889A3800160A7A /* Resources */ = {
			isa = PBXResourcesBuildPhase;
			buildActionMask = 2147483647;
			files = (
				E29A54F422889A3900160A7A /* LaunchScreen.storyboard in Resources */,
				E29A54F122889A3900160A7A /* Assets.xcassets in Resources */,
			);
			runOnlyForDeploymentPostprocessing = 0;
		};
/* End PBXResourcesBuildPhase section */

/* Begin PBXShellScriptBuildPhase section */
		0D3122C720E258B855469083 /* [CP] Embed Pods Frameworks */ = {
			isa = PBXShellScriptBuildPhase;
			buildActionMask = 2147483647;
			files = (
			);
			inputFileListPaths = (
				"${PODS_ROOT}/Target Support Files/Pods-GitHubAppTests/Pods-GitHubAppTests-frameworks-${CONFIGURATION}-input-files.xcfilelist",
			);
			name = "[CP] Embed Pods Frameworks";
			outputFileListPaths = (
				"${PODS_ROOT}/Target Support Files/Pods-GitHubAppTests/Pods-GitHubAppTests-frameworks-${CONFIGURATION}-output-files.xcfilelist",
			);
			runOnlyForDeploymentPostprocessing = 0;
			shellPath = /bin/sh;
			shellScript = "\"${PODS_ROOT}/Target Support Files/Pods-GitHubAppTests/Pods-GitHubAppTests-frameworks.sh\"\n";
			showEnvVarsInLog = 0;
		};
		7458638DE003486A5A7E7699 /* [CP] Check Pods Manifest.lock */ = {
			isa = PBXShellScriptBuildPhase;
			buildActionMask = 2147483647;
			files = (
			);
			inputFileListPaths = (
			);
			inputPaths = (
				"${PODS_PODFILE_DIR_PATH}/Podfile.lock",
				"${PODS_ROOT}/Manifest.lock",
			);
			name = "[CP] Check Pods Manifest.lock";
			outputFileListPaths = (
			);
			outputPaths = (
				"$(DERIVED_FILE_DIR)/Pods-GitHubApp-checkManifestLockResult.txt",
			);
			runOnlyForDeploymentPostprocessing = 0;
			shellPath = /bin/sh;
			shellScript = "diff \"${PODS_PODFILE_DIR_PATH}/Podfile.lock\" \"${PODS_ROOT}/Manifest.lock\" > /dev/null\nif [ $? != 0 ] ; then\n    # print error to STDERR\n    echo \"error: The sandbox is not in sync with the Podfile.lock. Run 'pod install' or update your CocoaPods installation.\" >&2\n    exit 1\nfi\n# This output is used by Xcode 'outputs' to avoid re-running this script phase.\necho \"SUCCESS\" > \"${SCRIPT_OUTPUT_FILE_0}\"\n";
			showEnvVarsInLog = 0;
		};
		7611ED283BA016DB3A7B84E6 /* [CP] Check Pods Manifest.lock */ = {
			isa = PBXShellScriptBuildPhase;
			buildActionMask = 2147483647;
			files = (
			);
			inputFileListPaths = (
			);
			inputPaths = (
				"${PODS_PODFILE_DIR_PATH}/Podfile.lock",
				"${PODS_ROOT}/Manifest.lock",
			);
			name = "[CP] Check Pods Manifest.lock";
			outputFileListPaths = (
			);
			outputPaths = (
				"$(DERIVED_FILE_DIR)/Pods-GitHubAppTests-checkManifestLockResult.txt",
			);
			runOnlyForDeploymentPostprocessing = 0;
			shellPath = /bin/sh;
			shellScript = "diff \"${PODS_PODFILE_DIR_PATH}/Podfile.lock\" \"${PODS_ROOT}/Manifest.lock\" > /dev/null\nif [ $? != 0 ] ; then\n    # print error to STDERR\n    echo \"error: The sandbox is not in sync with the Podfile.lock. Run 'pod install' or update your CocoaPods installation.\" >&2\n    exit 1\nfi\n# This output is used by Xcode 'outputs' to avoid re-running this script phase.\necho \"SUCCESS\" > \"${SCRIPT_OUTPUT_FILE_0}\"\n";
			showEnvVarsInLog = 0;
		};
		825028D4D53B515BBC9930CA /* [CP] Embed Pods Frameworks */ = {
			isa = PBXShellScriptBuildPhase;
			buildActionMask = 2147483647;
			files = (
			);
			inputFileListPaths = (
				"${PODS_ROOT}/Target Support Files/Pods-GitHubApp/Pods-GitHubApp-frameworks-${CONFIGURATION}-input-files.xcfilelist",
			);
			name = "[CP] Embed Pods Frameworks";
			outputFileListPaths = (
				"${PODS_ROOT}/Target Support Files/Pods-GitHubApp/Pods-GitHubApp-frameworks-${CONFIGURATION}-output-files.xcfilelist",
			);
			runOnlyForDeploymentPostprocessing = 0;
			shellPath = /bin/sh;
			shellScript = "\"${PODS_ROOT}/Target Support Files/Pods-GitHubApp/Pods-GitHubApp-frameworks.sh\"\n";
			showEnvVarsInLog = 0;
		};
/* End PBXShellScriptBuildPhase section */

/* Begin PBXSourcesBuildPhase section */
		E2639B162309566E00EFC281 /* Sources */ = {
			isa = PBXSourcesBuildPhase;
			buildActionMask = 2147483647;
			files = (
				E2639B1D2309566E00EFC281 /* GitHubAppTests.swift in Sources */,
				E2639B2523095E1300EFC281 /* TestAPIEndpoints.swift in Sources */,
			);
			runOnlyForDeploymentPostprocessing = 0;
		};
		E29A54E222889A3800160A7A /* Sources */ = {
			isa = PBXSourcesBuildPhase;
			buildActionMask = 2147483647;
			files = (
				E29A550222889CED00160A7A /* RepositoriesCollectionVC.swift in Sources */,
				E29A550D2288C6ED00160A7A /* Extensions.swift in Sources */,
				E29A54EA22889A3800160A7A /* AppDelegate.swift in Sources */,
				E29A55102288D0BF00160A7A /* RepositoryCollectionViewCell.swift in Sources */,
				E29A55122288D9CB00160A7A /* TitleAndDescriptionView.swift in Sources */,
				E29A55042288AF5200160A7A /* Constants.swift in Sources */,
				E29A550B2288C2DA00160A7A /* GitHubRepository.swift in Sources */,
				E29A55072288B80B00160A7A /* GitHubApi.swift in Sources */,
			);
			runOnlyForDeploymentPostprocessing = 0;
		};
/* End PBXSourcesBuildPhase section */

/* Begin PBXTargetDependency section */
		E2639B202309566E00EFC281 /* PBXTargetDependency */ = {
			isa = PBXTargetDependency;
			target = E29A54E522889A3800160A7A /* GitHubApp */;
			targetProxy = E2639B1F2309566E00EFC281 /* PBXContainerItemProxy */;
		};
/* End PBXTargetDependency section */

/* Begin PBXVariantGroup section */
		E29A54F222889A3900160A7A /* LaunchScreen.storyboard */ = {
			isa = PBXVariantGroup;
			children = (
				E29A54F322889A3900160A7A /* Base */,
			);
			name = LaunchScreen.storyboard;
			sourceTree = "<group>";
		};
/* End PBXVariantGroup section */

/* Begin XCBuildConfiguration section */
		E2639B212309566E00EFC281 /* Debug */ = {
			isa = XCBuildConfiguration;
			baseConfigurationReference = 12C9AB97749B1625690B79E3 /* Pods-GitHubAppTests.debug.xcconfig */;
			buildSettings = {
				BUNDLE_LOADER = "$(TEST_HOST)";
				CODE_SIGN_STYLE = Automatic;
				DEVELOPMENT_TEAM = TLWQ546V2V;
				INFOPLIST_FILE = GitHubAppTests/Info.plist;
				IPHONEOS_DEPLOYMENT_TARGET = 13.0;
				LD_RUNPATH_SEARCH_PATHS = (
					"$(inherited)",
					"@executable_path/Frameworks",
					"@loader_path/Frameworks",
				);
				PRODUCT_BUNDLE_IDENTIFIER = com.josiprezic.GitHubAppTests;
				PRODUCT_NAME = "$(TARGET_NAME)";
				SWIFT_VERSION = 5.0;
				TARGETED_DEVICE_FAMILY = "1,2";
				TEST_HOST = "$(BUILT_PRODUCTS_DIR)/GitHubApp.app/GitHubApp";
			};
			name = Debug;
		};
		E2639B222309566E00EFC281 /* Release */ = {
			isa = XCBuildConfiguration;
			baseConfigurationReference = 3DB8D961C8BB4A7BEF73BDD5 /* Pods-GitHubAppTests.release.xcconfig */;
			buildSettings = {
				BUNDLE_LOADER = "$(TEST_HOST)";
				CODE_SIGN_STYLE = Automatic;
				DEVELOPMENT_TEAM = TLWQ546V2V;
				INFOPLIST_FILE = GitHubAppTests/Info.plist;
				IPHONEOS_DEPLOYMENT_TARGET = 13.0;
				LD_RUNPATH_SEARCH_PATHS = (
					"$(inherited)",
					"@executable_path/Frameworks",
					"@loader_path/Frameworks",
				);
				PRODUCT_BUNDLE_IDENTIFIER = com.josiprezic.GitHubAppTests;
				PRODUCT_NAME = "$(TARGET_NAME)";
				SWIFT_VERSION = 5.0;
				TARGETED_DEVICE_FAMILY = "1,2";
				TEST_HOST = "$(BUILT_PRODUCTS_DIR)/GitHubApp.app/GitHubApp";
			};
			name = Release;
		};
		E29A54F622889A3900160A7A /* Debug */ = {
			isa = XCBuildConfiguration;
			buildSettings = {
				ALWAYS_SEARCH_USER_PATHS = NO;
				CLANG_ANALYZER_NONNULL = YES;
				CLANG_ANALYZER_NUMBER_OBJECT_CONVERSION = YES_AGGRESSIVE;
				CLANG_CXX_LANGUAGE_STANDARD = "gnu++14";
				CLANG_CXX_LIBRARY = "libc++";
				CLANG_ENABLE_MODULES = YES;
				CLANG_ENABLE_OBJC_ARC = YES;
				CLANG_ENABLE_OBJC_WEAK = YES;
				CLANG_WARN_BLOCK_CAPTURE_AUTORELEASING = YES;
				CLANG_WARN_BOOL_CONVERSION = YES;
				CLANG_WARN_COMMA = YES;
				CLANG_WARN_CONSTANT_CONVERSION = YES;
				CLANG_WARN_DEPRECATED_OBJC_IMPLEMENTATIONS = YES;
				CLANG_WARN_DIRECT_OBJC_ISA_USAGE = YES_ERROR;
				CLANG_WARN_DOCUMENTATION_COMMENTS = YES;
				CLANG_WARN_EMPTY_BODY = YES;
				CLANG_WARN_ENUM_CONVERSION = YES;
				CLANG_WARN_INFINITE_RECURSION = YES;
				CLANG_WARN_INT_CONVERSION = YES;
				CLANG_WARN_NON_LITERAL_NULL_CONVERSION = YES;
				CLANG_WARN_OBJC_IMPLICIT_RETAIN_SELF = YES;
				CLANG_WARN_OBJC_LITERAL_CONVERSION = YES;
				CLANG_WARN_OBJC_ROOT_CLASS = YES_ERROR;
				CLANG_WARN_RANGE_LOOP_ANALYSIS = YES;
				CLANG_WARN_STRICT_PROTOTYPES = YES;
				CLANG_WARN_SUSPICIOUS_MOVE = YES;
				CLANG_WARN_UNGUARDED_AVAILABILITY = YES_AGGRESSIVE;
				CLANG_WARN_UNREACHABLE_CODE = YES;
				CLANG_WARN__DUPLICATE_METHOD_MATCH = YES;
				CODE_SIGN_IDENTITY = "iPhone Developer";
				COPY_PHASE_STRIP = NO;
				DEBUG_INFORMATION_FORMAT = dwarf;
				ENABLE_STRICT_OBJC_MSGSEND = YES;
				ENABLE_TESTABILITY = YES;
				GCC_C_LANGUAGE_STANDARD = gnu11;
				GCC_DYNAMIC_NO_PIC = NO;
				GCC_NO_COMMON_BLOCKS = YES;
				GCC_OPTIMIZATION_LEVEL = 0;
				GCC_PREPROCESSOR_DEFINITIONS = (
					"DEBUG=1",
					"$(inherited)",
				);
				GCC_WARN_64_TO_32_BIT_CONVERSION = YES;
				GCC_WARN_ABOUT_RETURN_TYPE = YES_ERROR;
				GCC_WARN_UNDECLARED_SELECTOR = YES;
				GCC_WARN_UNINITIALIZED_AUTOS = YES_AGGRESSIVE;
				GCC_WARN_UNUSED_FUNCTION = YES;
				GCC_WARN_UNUSED_VARIABLE = YES;
				IPHONEOS_DEPLOYMENT_TARGET = 12.2;
				MTL_ENABLE_DEBUG_INFO = INCLUDE_SOURCE;
				MTL_FAST_MATH = YES;
				ONLY_ACTIVE_ARCH = YES;
				SDKROOT = iphoneos;
				SWIFT_ACTIVE_COMPILATION_CONDITIONS = DEBUG;
				SWIFT_OPTIMIZATION_LEVEL = "-Onone";
			};
			name = Debug;
		};
		E29A54F722889A3900160A7A /* Release */ = {
			isa = XCBuildConfiguration;
			buildSettings = {
				ALWAYS_SEARCH_USER_PATHS = NO;
				CLANG_ANALYZER_NONNULL = YES;
				CLANG_ANALYZER_NUMBER_OBJECT_CONVERSION = YES_AGGRESSIVE;
				CLANG_CXX_LANGUAGE_STANDARD = "gnu++14";
				CLANG_CXX_LIBRARY = "libc++";
				CLANG_ENABLE_MODULES = YES;
				CLANG_ENABLE_OBJC_ARC = YES;
				CLANG_ENABLE_OBJC_WEAK = YES;
				CLANG_WARN_BLOCK_CAPTURE_AUTORELEASING = YES;
				CLANG_WARN_BOOL_CONVERSION = YES;
				CLANG_WARN_COMMA = YES;
				CLANG_WARN_CONSTANT_CONVERSION = YES;
				CLANG_WARN_DEPRECATED_OBJC_IMPLEMENTATIONS = YES;
				CLANG_WARN_DIRECT_OBJC_ISA_USAGE = YES_ERROR;
				CLANG_WARN_DOCUMENTATION_COMMENTS = YES;
				CLANG_WARN_EMPTY_BODY = YES;
				CLANG_WARN_ENUM_CONVERSION = YES;
				CLANG_WARN_INFINITE_RECURSION = YES;
				CLANG_WARN_INT_CONVERSION = YES;
				CLANG_WARN_NON_LITERAL_NULL_CONVERSION = YES;
				CLANG_WARN_OBJC_IMPLICIT_RETAIN_SELF = YES;
				CLANG_WARN_OBJC_LITERAL_CONVERSION = YES;
				CLANG_WARN_OBJC_ROOT_CLASS = YES_ERROR;
				CLANG_WARN_RANGE_LOOP_ANALYSIS = YES;
				CLANG_WARN_STRICT_PROTOTYPES = YES;
				CLANG_WARN_SUSPICIOUS_MOVE = YES;
				CLANG_WARN_UNGUARDED_AVAILABILITY = YES_AGGRESSIVE;
				CLANG_WARN_UNREACHABLE_CODE = YES;
				CLANG_WARN__DUPLICATE_METHOD_MATCH = YES;
				CODE_SIGN_IDENTITY = "iPhone Developer";
				COPY_PHASE_STRIP = NO;
				DEBUG_INFORMATION_FORMAT = "dwarf-with-dsym";
				ENABLE_NS_ASSERTIONS = NO;
				ENABLE_STRICT_OBJC_MSGSEND = YES;
				GCC_C_LANGUAGE_STANDARD = gnu11;
				GCC_NO_COMMON_BLOCKS = YES;
				GCC_WARN_64_TO_32_BIT_CONVERSION = YES;
				GCC_WARN_ABOUT_RETURN_TYPE = YES_ERROR;
				GCC_WARN_UNDECLARED_SELECTOR = YES;
				GCC_WARN_UNINITIALIZED_AUTOS = YES_AGGRESSIVE;
				GCC_WARN_UNUSED_FUNCTION = YES;
				GCC_WARN_UNUSED_VARIABLE = YES;
				IPHONEOS_DEPLOYMENT_TARGET = 12.2;
				MTL_ENABLE_DEBUG_INFO = NO;
				MTL_FAST_MATH = YES;
				SDKROOT = iphoneos;
				SWIFT_COMPILATION_MODE = wholemodule;
				SWIFT_OPTIMIZATION_LEVEL = "-O";
				VALIDATE_PRODUCT = YES;
			};
			name = Release;
		};
		E29A54F922889A3900160A7A /* Debug */ = {
			isa = XCBuildConfiguration;
			baseConfigurationReference = C02F00453573CB82CF30398E /* Pods-GitHubApp.debug.xcconfig */;
			buildSettings = {
				ASSETCATALOG_COMPILER_APPICON_NAME = AppIcon;
				CODE_SIGN_STYLE = Automatic;
				DEVELOPMENT_TEAM = 49M8DX7784;
				INFOPLIST_FILE = GitHubApp/SupportingFiles/Info.plist;
				LD_RUNPATH_SEARCH_PATHS = (
					"$(inherited)",
					"@executable_path/Frameworks",
				);
				PRODUCT_BUNDLE_IDENTIFIER = com.josiprezic.githubapp;
				PRODUCT_NAME = "$(TARGET_NAME)";
				SWIFT_VERSION = 5.0;
				TARGETED_DEVICE_FAMILY = "1,2";
			};
			name = Debug;
		};
		E29A54FA22889A3900160A7A /* Release */ = {
			isa = XCBuildConfiguration;
			baseConfigurationReference = 3C0BFBC441F8B7A48FA3836C /* Pods-GitHubApp.release.xcconfig */;
			buildSettings = {
				ASSETCATALOG_COMPILER_APPICON_NAME = AppIcon;
				CODE_SIGN_STYLE = Automatic;
				DEVELOPMENT_TEAM = 49M8DX7784;
				INFOPLIST_FILE = GitHubApp/SupportingFiles/Info.plist;
				LD_RUNPATH_SEARCH_PATHS = (
					"$(inherited)",
					"@executable_path/Frameworks",
				);
				PRODUCT_BUNDLE_IDENTIFIER = com.josiprezic.githubapp;
				PRODUCT_NAME = "$(TARGET_NAME)";
				SWIFT_VERSION = 5.0;
				TARGETED_DEVICE_FAMILY = "1,2";
			};
			name = Release;
		};
/* End XCBuildConfiguration section */

/* Begin XCConfigurationList section */
		E2639B232309566E00EFC281 /* Build configuration list for PBXNativeTarget "GitHubAppTests" */ = {
			isa = XCConfigurationList;
			buildConfigurations = (
				E2639B212309566E00EFC281 /* Debug */,
				E2639B222309566E00EFC281 /* Release */,
			);
			defaultConfigurationIsVisible = 0;
			defaultConfigurationName = Release;
		};
		E29A54E122889A3800160A7A /* Build configuration list for PBXProject "GitHubApp" */ = {
			isa = XCConfigurationList;
			buildConfigurations = (
				E29A54F622889A3900160A7A /* Debug */,
				E29A54F722889A3900160A7A /* Release */,
			);
			defaultConfigurationIsVisible = 0;
			defaultConfigurationName = Release;
		};
		E29A54F822889A3900160A7A /* Build configuration list for PBXNativeTarget "GitHubApp" */ = {
			isa = XCConfigurationList;
			buildConfigurations = (
				E29A54F922889A3900160A7A /* Debug */,
				E29A54FA22889A3900160A7A /* Release */,
			);
			defaultConfigurationIsVisible = 0;
			defaultConfigurationName = Release;
		};
/* End XCConfigurationList section */
	};
	rootObject = E29A54DE22889A3800160A7A /* Project object */;
}
